// !$*UTF8*$!
{
	archiveVersion = 1;
	classes = {
	};
	objectVersion = 48;
	objects = {

/* Begin PBXAggregateTarget section */
		076E4B8E1FA7B23400239BF6 /* Framework */ = {
			isa = PBXAggregateTarget;
			buildConfigurationList = 076E4B8F1FA7B23400239BF6 /* Build configuration list for PBXAggregateTarget "Framework" */;
			buildPhases = (
				076E4B941FA7B23C00239BF6 /* Multi-Platform Bind */,
			);
			dependencies = (
				076E4B931FA7B23900239BF6 /* PBXTargetDependency */,
			);
			name = Framework;
			productName = Framework;
		};
/* End PBXAggregateTarget section */

/* Begin PBXBuildFile section */
		0796C7BA1FA2AC91005AA542 /* ExampleKit.h in CopyFiles */ = {isa = PBXBuildFile; fileRef = 0796C7B71FA2AC91005AA542 /* ExampleKit.h */; };
		0796C7C61FA2B062005AA542 /* EKObject.m in Sources */ = {isa = PBXBuildFile; fileRef = 0796C7C21FA2B062005AA542 /* EKObject.m */; };
		0796C7C71FA2B062005AA542 /* EKSession.m in Sources */ = {isa = PBXBuildFile; fileRef = 0796C7C31FA2B062005AA542 /* EKSession.m */; };
		0796C7C81FA2B066005AA542 /* EKSession.h in Headers */ = {isa = PBXBuildFile; fileRef = 0796C7C51FA2B062005AA542 /* EKSession.h */; settings = {ATTRIBUTES = (Public, ); }; };
		0796C7C91FA2B06B005AA542 /* EKObject.h in Headers */ = {isa = PBXBuildFile; fileRef = 0796C7C41FA2B062005AA542 /* EKObject.h */; settings = {ATTRIBUTES = (Public, ); }; };
		07DB46931FA92CB700388362 /* Foundation.framework in Frameworks */ = {isa = PBXBuildFile; fileRef = 07DB46921FA92CB700388362 /* Foundation.framework */; };
		07DB46951FA92CBB00388362 /* UIKit.framework in Frameworks */ = {isa = PBXBuildFile; fileRef = 07DB46941FA92CBB00388362 /* UIKit.framework */; };
/* End PBXBuildFile section */

/* Begin PBXContainerItemProxy section */
		076E4B921FA7B23900239BF6 /* PBXContainerItemProxy */ = {
			isa = PBXContainerItemProxy;
			containerPortal = 0796C7AC1FA2AC91005AA542 /* Project object */;
			proxyType = 1;
			remoteGlobalIDString = 0796C7B31FA2AC91005AA542;
			remoteInfo = ExampleKit;
		};
/* End PBXContainerItemProxy section */

/* Begin PBXCopyFilesBuildPhase section */
		0796C7B21FA2AC91005AA542 /* CopyFiles */ = {
			isa = PBXCopyFilesBuildPhase;
			buildActionMask = 2147483647;
			dstPath = "include/$(PRODUCT_NAME)";
			dstSubfolderSpec = 16;
			files = (
				0796C7BA1FA2AC91005AA542 /* ExampleKit.h in CopyFiles */,
			);
			runOnlyForDeploymentPostprocessing = 0;
		};
/* End PBXCopyFilesBuildPhase section */

/* Begin PBXFileReference section */
		077B6C3D1FA2B83400996202 /* module.modulemap */ = {isa = PBXFileReference; lastKnownFileType = "sourcecode.module-map"; path = module.modulemap; sourceTree = "<group>"; };
		0796C7B41FA2AC91005AA542 /* libExampleKit.a */ = {isa = PBXFileReference; explicitFileType = archive.ar; includeInIndex = 0; path = libExampleKit.a; sourceTree = BUILT_PRODUCTS_DIR; };
		0796C7B71FA2AC91005AA542 /* ExampleKit.h */ = {isa = PBXFileReference; lastKnownFileType = sourcecode.c.h; path = ExampleKit.h; sourceTree = "<group>"; };
		0796C7C21FA2B062005AA542 /* EKObject.m */ = {isa = PBXFileReference; lastKnownFileType = sourcecode.c.objc; path = EKObject.m; sourceTree = "<group>"; };
		0796C7C31FA2B062005AA542 /* EKSession.m */ = {isa = PBXFileReference; lastKnownFileType = sourcecode.c.objc; path = EKSession.m; sourceTree = "<group>"; };
		0796C7C41FA2B062005AA542 /* EKObject.h */ = {isa = PBXFileReference; lastKnownFileType = sourcecode.c.h; path = EKObject.h; sourceTree = "<group>"; };
		0796C7C51FA2B062005AA542 /* EKSession.h */ = {isa = PBXFileReference; lastKnownFileType = sourcecode.c.h; path = EKSession.h; sourceTree = "<group>"; };
		07DB46921FA92CB700388362 /* Foundation.framework */ = {isa = PBXFileReference; lastKnownFileType = wrapper.framework; name = Foundation.framework; path = System/Library/Frameworks/Foundation.framework; sourceTree = SDKROOT; };
		07DB46941FA92CBB00388362 /* UIKit.framework */ = {isa = PBXFileReference; lastKnownFileType = wrapper.framework; name = UIKit.framework; path = System/Library/Frameworks/UIKit.framework; sourceTree = SDKROOT; };
/* End PBXFileReference section */

/* Begin PBXFrameworksBuildPhase section */
		0796C7B11FA2AC91005AA542 /* Frameworks */ = {
			isa = PBXFrameworksBuildPhase;
			buildActionMask = 2147483647;
			files = (
				07DB46951FA92CBB00388362 /* UIKit.framework in Frameworks */,
				07DB46931FA92CB700388362 /* Foundation.framework in Frameworks */,
			);
			runOnlyForDeploymentPostprocessing = 0;
		};
/* End PBXFrameworksBuildPhase section */

/* Begin PBXGroup section */
		0796C7AB1FA2AC91005AA542 = {
			isa = PBXGroup;
			children = (
				0796C7B61FA2AC91005AA542 /* ExampleKit */,
				0796C7B51FA2AC91005AA542 /* Products */,
				07DB46911FA92CB600388362 /* Frameworks */,
			);
			sourceTree = "<group>";
		};
		0796C7B51FA2AC91005AA542 /* Products */ = {
			isa = PBXGroup;
			children = (
				0796C7B41FA2AC91005AA542 /* libExampleKit.a */,
			);
			name = Products;
			sourceTree = "<group>";
		};
		0796C7B61FA2AC91005AA542 /* ExampleKit */ = {
			isa = PBXGroup;
			children = (
				077B6C3D1FA2B83400996202 /* module.modulemap */,
				0796C7B71FA2AC91005AA542 /* ExampleKit.h */,
				0796C7C41FA2B062005AA542 /* EKObject.h */,
				0796C7C21FA2B062005AA542 /* EKObject.m */,
				0796C7C51FA2B062005AA542 /* EKSession.h */,
				0796C7C31FA2B062005AA542 /* EKSession.m */,
			);
			path = ExampleKit;
			sourceTree = "<group>";
		};
		07DB46911FA92CB600388362 /* Frameworks */ = {
			isa = PBXGroup;
			children = (
				07DB46941FA92CBB00388362 /* UIKit.framework */,
				07DB46921FA92CB700388362 /* Foundation.framework */,
			);
			name = Frameworks;
			sourceTree = "<group>";
		};
/* End PBXGroup section */

/* Begin PBXHeadersBuildPhase section */
		0796C7C11FA2AF97005AA542 /* Headers */ = {
			isa = PBXHeadersBuildPhase;
			buildActionMask = 2147483647;
			files = (
				0796C7C81FA2B066005AA542 /* EKSession.h in Headers */,
				0796C7C91FA2B06B005AA542 /* EKObject.h in Headers */,
			);
			runOnlyForDeploymentPostprocessing = 0;
		};
/* End PBXHeadersBuildPhase section */

/* Begin PBXNativeTarget section */
		0796C7B31FA2AC91005AA542 /* ExampleKit */ = {
			isa = PBXNativeTarget;
			buildConfigurationList = 0796C7BD1FA2AC91005AA542 /* Build configuration list for PBXNativeTarget "ExampleKit" */;
			buildPhases = (
				0796C7B01FA2AC91005AA542 /* Sources */,
				0796C7B11FA2AC91005AA542 /* Frameworks */,
				0796C7B21FA2AC91005AA542 /* CopyFiles */,
				0796C7C11FA2AF97005AA542 /* Headers */,
				076E4B8B1FA7A83000239BF6 /* Build Framework */,
			);
			buildRules = (
			);
			dependencies = (
			);
			name = ExampleKit;
			productName = ExampleKit;
			productReference = 0796C7B41FA2AC91005AA542 /* libExampleKit.a */;
			productType = "com.apple.product-type.library.static";
		};
/* End PBXNativeTarget section */

/* Begin PBXProject section */
		0796C7AC1FA2AC91005AA542 /* Project object */ = {
			isa = PBXProject;
			attributes = {
				LastUpgradeCheck = 0900;
				ORGANIZATIONNAME = "Varun Santhanam";
				TargetAttributes = {
					076E4B8E1FA7B23400239BF6 = {
						CreatedOnToolsVersion = 9.0;
						ProvisioningStyle = Automatic;
					};
					0796C7B31FA2AC91005AA542 = {
						CreatedOnToolsVersion = 9.0;
						ProvisioningStyle = Automatic;
					};
				};
			};
			buildConfigurationList = 0796C7AF1FA2AC91005AA542 /* Build configuration list for PBXProject "ExampleKit" */;
			compatibilityVersion = "Xcode 8.0";
			developmentRegion = en;
			hasScannedForEncodings = 0;
			knownRegions = (
				en,
			);
			mainGroup = 0796C7AB1FA2AC91005AA542;
			productRefGroup = 0796C7B51FA2AC91005AA542 /* Products */;
			projectDirPath = "";
			projectRoot = "";
			targets = (
				0796C7B31FA2AC91005AA542 /* ExampleKit */,
				076E4B8E1FA7B23400239BF6 /* Framework */,
			);
		};
/* End PBXProject section */

/* Begin PBXShellScriptBuildPhase section */
		076E4B8B1FA7A83000239BF6 /* Build Framework */ = {
			isa = PBXShellScriptBuildPhase;
			buildActionMask = 2147483647;
			files = (
			);
			inputPaths = (
			);
			name = "Build Framework";
			outputPaths = (
			);
			runOnlyForDeploymentPostprocessing = 0;
			shellPath = /bin/sh;
			shellScript = "set -e\nexport FRAMEWORK_LOCN=\"${BUILT_PRODUCTS_DIR}/${PRODUCT_NAME}.framework\"\n\n# Create Directory for Actual Headers Location for Version A\nmkdir -p \"${FRAMEWORK_LOCN}/Versions/A/Headers\"\n\n# Symbolically Link the Headers to their Parse Directory\nln -sfh A \"${FRAMEWORK_LOCN}/Versions/Current\"\nln -sfh Versions/Current/Headers \"${FRAMEWORK_LOCN}/Headers\"\nln -sfh \"Versions/Current/${PRODUCT_NAME}\" \\\n\"${FRAMEWORK_LOCN}/${PRODUCT_NAME}\"\n\n# Copy Public Headers Into Their Directory\ncp -a \"${TARGET_BUILD_DIR}/${PUBLIC_HEADERS_FOLDER_PATH}/\" \\\n\"${FRAMEWORK_LOCN}/Versions/A/Headers\"\n\n# Create Module Directory\nmkdir -p \"${FRAMEWORK_LOCN}/Modules\"\n\n# Copy Module Map\ncp -f \"${SRCROOT}/${PRODUCT_NAME}/module.modulemap\" \"${FRAMEWORK_LOCN}/Modules/\"";
		};
		076E4B941FA7B23C00239BF6 /* Multi-Platform Bind */ = {
			isa = PBXShellScriptBuildPhase;
			buildActionMask = 2147483647;
			files = (
			);
			inputPaths = (
			);
			name = "Multi-Platform Bind";
			outputPaths = (
			);
			runOnlyForDeploymentPostprocessing = 0;
			shellPath = /bin/sh;
			shellScript = "set -e\nset +u\n\nif [[ $SCRIPT_RUNNING ]]\nthen\nexit 0\nfi\nset -u\nexport SCRIPT_RUNNING=1\n\n# Environment Variables\nFRAMEWORK_NAME=${PROJECT_NAME}\nSTATIC_LIB=\"lib${PROJECT_NAME}.a\" # Product of other target\nFRAMEWORK_LOCATION=\"${BUILT_PRODUCTS_DIR}/${FRAMEWORK_NAME}.framework\" # Product of script in other target build phase\nOUTPUT_DIR=${PROJECT_DIR}/Release\n\n# Encapsulate Xcode Build Process\nfunction build_static_library_and_framework {\n    \n    xcrun xcodebuild -project \"${PROJECT_FILE_PATH}\" \\\n    -target \"${PROJECT_NAME}\" \\\n    -configuration \"${CONFIGURATION}\" \\\n    -sdk \"${1}\" \\\n    ONLY_ACTIVE_ARCH=NO \\\n    BUILD_DIR=\"${BUILD_DIR}\" \\\n    OBJROOT=\"${OBJROOT}\" \\\n    BUILD_ROOT=\"${BUILD_ROOT}\" \\\n    SYMROOT=\"${SYMROOT}\" $ACTION\n    \n}\n\n# Encapsulate Lipo\nfunction merge_binaries {\n    \n    xcrun lipo -create \"${1}\" \"${2}\" -output \"${3}\"\n    \n}\n\n# 1 - Get SDK to determine platform (iphoneos or iphonesimulator)\nif [[ \"$SDK_NAME\" =~ ([A-Za-z]+) ]]; then\nSDK_PLATFORM=${BASH_REMATCH[1]}\nelse\necho \"Could not find platform name from SDK_NAME: $SDK_NAME\"\nexit 1\nfi\n\n# 2 - Get Opposite Platform (iphonesimulator --> iphoneos, iphoneos --> iphonesimulator)\nif [ \"$SDK_PLATFORM\" == \"iphoneos\" ]; then\nOTHER_PLATFORM=iphonesimulator\nelse\nOTHER_PLATFORM=iphoneos\nfi\n\n# 3 - Get the build directories\nCURRENT_DIR=${BUILD_DIR}/${CONFIGURATION}-${SDK_PLATFORM}\nOTHER_DIR=${BUILD_DIR}/${CONFIGURATION}-${OTHER_PLATFORM}\n\n# 4 - Build Opposite Platform\nbuild_static_library_and_framework \"${OTHER_PLATFORM}\"\n\n# 5 - Copy Framework Structure\nrm -rf \"${OUTPUT_DIR}\"\nmkdir -p \"${OUTPUT_DIR}\"\ncp -R \"${BUILD_DIR}/${CONFIGURATION}-${SDK_PLATFORM}/${PROJECT_NAME}.framework\" \"${OUTPUT_DIR}/${PROJECT_NAME}.framework\"\n\n# 6 - Merge Into /Release\nmerge_binaries \"${CURRENT_DIR}/${STATIC_LIB}\" \"${OTHER_DIR}/${STATIC_LIB}\" \"${OUTPUT_DIR}/${PROJECT_NAME}.framework/${PROJECT_NAME}\"";
		};
/* End PBXShellScriptBuildPhase section */

/* Begin PBXSourcesBuildPhase section */
		0796C7B01FA2AC91005AA542 /* Sources */ = {
			isa = PBXSourcesBuildPhase;
			buildActionMask = 2147483647;
			files = (
				0796C7C71FA2B062005AA542 /* EKSession.m in Sources */,
				0796C7C61FA2B062005AA542 /* EKObject.m in Sources */,
			);
			runOnlyForDeploymentPostprocessing = 0;
		};
/* End PBXSourcesBuildPhase section */

/* Begin PBXTargetDependency section */
		076E4B931FA7B23900239BF6 /* PBXTargetDependency */ = {
			isa = PBXTargetDependency;
			target = 0796C7B31FA2AC91005AA542 /* ExampleKit */;
			targetProxy = 076E4B921FA7B23900239BF6 /* PBXContainerItemProxy */;
		};
/* End PBXTargetDependency section */

/* Begin XCBuildConfiguration section */
		076E4B901FA7B23400239BF6 /* Debug */ = {
			isa = XCBuildConfiguration;
			buildSettings = {
				CODE_SIGN_STYLE = Automatic;
				DEVELOPMENT_TEAM = Y88YPD4RJA;
				PRODUCT_NAME = "$(TARGET_NAME)";
			};
			name = Debug;
		};
		076E4B911FA7B23400239BF6 /* Release */ = {
			isa = XCBuildConfiguration;
			buildSettings = {
				CODE_SIGN_STYLE = Automatic;
				DEVELOPMENT_TEAM = Y88YPD4RJA;
				PRODUCT_NAME = "$(TARGET_NAME)";
			};
			name = Release;
		};
		0796C7BB1FA2AC91005AA542 /* Debug */ = {
			isa = XCBuildConfiguration;
			buildSettings = {
				ALWAYS_SEARCH_USER_PATHS = NO;
				CLANG_ANALYZER_NONNULL = YES;
				CLANG_ANALYZER_NUMBER_OBJECT_CONVERSION = YES_AGGRESSIVE;
				CLANG_CXX_LANGUAGE_STANDARD = "gnu++14";
				CLANG_CXX_LIBRARY = "libc++";
				CLANG_ENABLE_MODULES = YES;
				CLANG_ENABLE_OBJC_ARC = YES;
				CLANG_WARN_BLOCK_CAPTURE_AUTORELEASING = YES;
				CLANG_WARN_BOOL_CONVERSION = YES;
				CLANG_WARN_COMMA = YES;
				CLANG_WARN_CONSTANT_CONVERSION = YES;
				CLANG_WARN_DIRECT_OBJC_ISA_USAGE = YES_ERROR;
				CLANG_WARN_DOCUMENTATION_COMMENTS = YES;
				CLANG_WARN_EMPTY_BODY = YES;
				CLANG_WARN_ENUM_CONVERSION = YES;
				CLANG_WARN_INFINITE_RECURSION = YES;
				CLANG_WARN_INT_CONVERSION = YES;
				CLANG_WARN_NON_LITERAL_NULL_CONVERSION = YES;
				CLANG_WARN_OBJC_LITERAL_CONVERSION = YES;
				CLANG_WARN_OBJC_ROOT_CLASS = YES_ERROR;
				CLANG_WARN_RANGE_LOOP_ANALYSIS = YES;
				CLANG_WARN_STRICT_PROTOTYPES = YES;
				CLANG_WARN_SUSPICIOUS_MOVE = YES;
				CLANG_WARN_UNGUARDED_AVAILABILITY = YES_AGGRESSIVE;
				CLANG_WARN_UNREACHABLE_CODE = YES;
				CLANG_WARN__DUPLICATE_METHOD_MATCH = YES;
				CODE_SIGN_IDENTITY = "iPhone Developer";
				COPY_PHASE_STRIP = NO;
				DEBUG_INFORMATION_FORMAT = dwarf;
				ENABLE_STRICT_OBJC_MSGSEND = YES;
				ENABLE_TESTABILITY = YES;
				GCC_C_LANGUAGE_STANDARD = gnu11;
				GCC_DYNAMIC_NO_PIC = NO;
				GCC_NO_COMMON_BLOCKS = YES;
				GCC_OPTIMIZATION_LEVEL = 0;
				GCC_PREPROCESSOR_DEFINITIONS = (
					"DEBUG=1",
					"$(inherited)",
				);
				GCC_WARN_64_TO_32_BIT_CONVERSION = YES;
				GCC_WARN_ABOUT_RETURN_TYPE = YES_ERROR;
				GCC_WARN_UNDECLARED_SELECTOR = YES;
				GCC_WARN_UNINITIALIZED_AUTOS = YES_AGGRESSIVE;
				GCC_WARN_UNUSED_FUNCTION = YES;
				GCC_WARN_UNUSED_VARIABLE = YES;
				IPHONEOS_DEPLOYMENT_TARGET = 11.0;
				MTL_ENABLE_DEBUG_INFO = YES;
				ONLY_ACTIVE_ARCH = YES;
				SDKROOT = iphoneos;
			};
			name = Debug;
		};
		0796C7BC1FA2AC91005AA542 /* Release */ = {
			isa = XCBuildConfiguration;
			buildSettings = {
				ALWAYS_SEARCH_USER_PATHS = NO;
				CLANG_ANALYZER_NONNULL = YES;
				CLANG_ANALYZER_NUMBER_OBJECT_CONVERSION = YES_AGGRESSIVE;
				CLANG_CXX_LANGUAGE_STANDARD = "gnu++14";
				CLANG_CXX_LIBRARY = "libc++";
				CLANG_ENABLE_MODULES = YES;
				CLANG_ENABLE_OBJC_ARC = YES;
				CLANG_WARN_BLOCK_CAPTURE_AUTORELEASING = YES;
				CLANG_WARN_BOOL_CONVERSION = YES;
				CLANG_WARN_COMMA = YES;
				CLANG_WARN_CONSTANT_CONVERSION = YES;
				CLANG_WARN_DIRECT_OBJC_ISA_USAGE = YES_ERROR;
				CLANG_WARN_DOCUMENTATION_COMMENTS = YES;
				CLANG_WARN_EMPTY_BODY = YES;
				CLANG_WARN_ENUM_CONVERSION = YES;
				CLANG_WARN_INFINITE_RECURSION = YES;
				CLANG_WARN_INT_CONVERSION = YES;
				CLANG_WARN_NON_LITERAL_NULL_CONVERSION = YES;
				CLANG_WARN_OBJC_LITERAL_CONVERSION = YES;
				CLANG_WARN_OBJC_ROOT_CLASS = YES_ERROR;
				CLANG_WARN_RANGE_LOOP_ANALYSIS = YES;
				CLANG_WARN_STRICT_PROTOTYPES = YES;
				CLANG_WARN_SUSPICIOUS_MOVE = YES;
				CLANG_WARN_UNGUARDED_AVAILABILITY = YES_AGGRESSIVE;
				CLANG_WARN_UNREACHABLE_CODE = YES;
				CLANG_WARN__DUPLICATE_METHOD_MATCH = YES;
				CODE_SIGN_IDENTITY = "iPhone Developer";
				COPY_PHASE_STRIP = NO;
				DEBUG_INFORMATION_FORMAT = "dwarf-with-dsym";
				ENABLE_NS_ASSERTIONS = NO;
				ENABLE_STRICT_OBJC_MSGSEND = YES;
				GCC_C_LANGUAGE_STANDARD = gnu11;
				GCC_NO_COMMON_BLOCKS = YES;
				GCC_WARN_64_TO_32_BIT_CONVERSION = YES;
				GCC_WARN_ABOUT_RETURN_TYPE = YES_ERROR;
				GCC_WARN_UNDECLARED_SELECTOR = YES;
				GCC_WARN_UNINITIALIZED_AUTOS = YES_AGGRESSIVE;
				GCC_WARN_UNUSED_FUNCTION = YES;
				GCC_WARN_UNUSED_VARIABLE = YES;
				IPHONEOS_DEPLOYMENT_TARGET = 11.0;
				MTL_ENABLE_DEBUG_INFO = NO;
				SDKROOT = iphoneos;
				VALIDATE_PRODUCT = YES;
			};
			name = Release;
		};
		0796C7BE1FA2AC91005AA542 /* Debug */ = {
			isa = XCBuildConfiguration;
			buildSettings = {
				CODE_SIGN_STYLE = Automatic;
				DEAD_CODE_STRIPPING = NO;
				DEVELOPMENT_TEAM = Y88YPD4RJA;
				OTHER_CFLAGS = "-fembed-bitcode-marker";
				OTHER_LDFLAGS = "-ObjC";
				PRODUCT_NAME = "$(TARGET_NAME)";
				PUBLIC_HEADERS_FOLDER_PATH = "include/$(PROJECT_NAME)";
				SKIP_INSTALL = YES;
				STRIP_STYLE = "non-global";
				TARGETED_DEVICE_FAMILY = "1,2";
			};
			name = Debug;
		};
		0796C7BF1FA2AC91005AA542 /* Release */ = {
			isa = XCBuildConfiguration;
			buildSettings = {
				CODE_SIGN_STYLE = Automatic;
				DEAD_CODE_STRIPPING = NO;
				DEVELOPMENT_TEAM = Y88YPD4RJA;
				OTHER_CFLAGS = "-fembed-bitcode";
				OTHER_LDFLAGS = "-ObjC";
				PRODUCT_NAME = "$(TARGET_NAME)";
				PUBLIC_HEADERS_FOLDER_PATH = "include/$(PROJECT_NAME)";
				SKIP_INSTALL = YES;
				STRIP_STYLE = "non-global";
				TARGETED_DEVICE_FAMILY = "1,2";
			};
			name = Release;
		};
/* End XCBuildConfiguration section */

/* Begin XCConfigurationList section */
		076E4B8F1FA7B23400239BF6 /* Build configuration list for PBXAggregateTarget "Framework" */ = {
			isa = XCConfigurationList;
			buildConfigurations = (
				076E4B901FA7B23400239BF6 /* Debug */,
				076E4B911FA7B23400239BF6 /* Release */,
			);
			defaultConfigurationIsVisible = 0;
			defaultConfigurationName = Release;
		};
		0796C7AF1FA2AC91005AA542 /* Build configuration list for PBXProject "ExampleKit" */ = {
			isa = XCConfigurationList;
			buildConfigurations = (
				0796C7BB1FA2AC91005AA542 /* Debug */,
				0796C7BC1FA2AC91005AA542 /* Release */,
			);
			defaultConfigurationIsVisible = 0;
			defaultConfigurationName = Release;
		};
		0796C7BD1FA2AC91005AA542 /* Build configuration list for PBXNativeTarget "ExampleKit" */ = {
			isa = XCConfigurationList;
			buildConfigurations = (
				0796C7BE1FA2AC91005AA542 /* Debug */,
				0796C7BF1FA2AC91005AA542 /* Release */,
			);
			defaultConfigurationIsVisible = 0;
			defaultConfigurationName = Release;
		};
/* End XCConfigurationList section */
	};
	rootObject = 0796C7AC1FA2AC91005AA542 /* Project object */;
}
